
Microsoft Visual Studio Solution File, Format Version 12.00
# Visual Studio 14
VisualStudioVersion = 14.0.25420.1
MinimumVisualStudioVersion = 10.0.40219.1
Project("{2150E333-8FDC-42A3-9474-1A3956D46DE8}") = "Modeling", "Modeling", "{4758AA7A-02F6-451E-A9FF-E2AB3DC50C32}"
EndProject
Project("{2150E333-8FDC-42A3-9474-1A3956D46DE8}") = "WorkingCode", "WorkingCode", "{0C530898-A2CE-4710-96C6-7FE6F6D7A397}"
EndProject
Project("{F088123C-0E9E-452A-89E6-6BA2F21D5CAC}") = "Modeling.Maze_000", "Modeling.Maze_000\Modeling.Maze_000.modelproj", "{083D2243-CC3E-4FF9-A54C-E695E6F0478A}"
EndProject
Project("{FAE04EC0-301F-11D3-BF4B-00C04F79EFBC}") = "Maze_000", "Maze_000\Maze_000.csproj", "{0FFA5706-DD53-41BA-B9AA-66EB17F4C1CC}"
EndProject
Project("{F088123C-0E9E-452A-89E6-6BA2F21D5CAC}") = "Modeling.CocaColaPepsiWater", "Modeling.CocaColaPepsiWater\Modeling.CocaColaPepsiWater.modelproj", "{209FFF74-1485-4C59-B9CF-6F3135FA5485}"
EndProject
Project("{F088123C-0E9E-452A-89E6-6BA2F21D5CAC}") = "Modeling.Products", "Modeling.Products\Modeling.Products.modelproj", "{D63DF4B3-975C-4F2E-BE6E-E2E19E2839F7}"
EndProject
Project("{FAE04EC0-301F-11D3-BF4B-00C04F79EFBC}") = "FactoryCocaColaPepsiWater", "CocaColaPepsiWater\FactoryCocaColaPepsiWater.csproj", "{4B863F7A-A44F-49EC-AA8B-F4B331C60CD3}"
EndProject
Project("{FAE04EC0-301F-11D3-BF4B-00C04F79EFBC}") = "FactoryProduct", "FactoryProduct\FactoryProduct.csproj", "{8919EAC5-472A-458F-AEB1-0CE591C9F77F}"
EndProject
Project("{F088123C-0E9E-452A-89E6-6BA2F21D5CAC}") = "Modeling.Maze_001_AF", "Modeling.Maze_001_AF\Modeling.Maze_001_AF.modelproj", "{7D071C29-E2FB-47E0-988F-AD55CAD813CE}"
EndProject
Project("{FAE04EC0-301F-11D3-BF4B-00C04F79EFBC}") = "Maze_001_AF", "Maze_001_AF\Maze_001_AF.csproj", "{5EE2831D-F201-4B26-96FA-DF413A64D482}"
EndProject
Global
	GlobalSection(SolutionConfigurationPlatforms) = preSolution
		Debug|Any CPU = Debug|Any CPU
		Release|Any CPU = Release|Any CPU
	EndGlobalSection
	GlobalSection(ProjectConfigurationPlatforms) = postSolution
		{083D2243-CC3E-4FF9-A54C-E695E6F0478A}.Debug|Any CPU.ActiveCfg = Debug|Any CPU
		{083D2243-CC3E-4FF9-A54C-E695E6F0478A}.Debug|Any CPU.Build.0 = Debug|Any CPU
		{083D2243-CC3E-4FF9-A54C-E695E6F0478A}.Release|Any CPU.ActiveCfg = Release|Any CPU
		{083D2243-CC3E-4FF9-A54C-E695E6F0478A}.Release|Any CPU.Build.0 = Release|Any CPU
		{0FFA5706-DD53-41BA-B9AA-66EB17F4C1CC}.Debug|Any CPU.ActiveCfg = Debug|Any CPU
		{0FFA5706-DD53-41BA-B9AA-66EB17F4C1CC}.Debug|Any CPU.Build.0 = Debug|Any CPU
		{0FFA5706-DD53-41BA-B9AA-66EB17F4C1CC}.Release|Any CPU.ActiveCfg = Release|Any CPU
		{0FFA5706-DD53-41BA-B9AA-66EB17F4C1CC}.Release|Any CPU.Build.0 = Release|Any CPU
		{209FFF74-1485-4C59-B9CF-6F3135FA5485}.Debug|Any CPU.ActiveCfg = Debug|Any CPU
		{209FFF74-1485-4C59-B9CF-6F3135FA5485}.Debug|Any CPU.Build.0 = Debug|Any CPU
		{209FFF74-1485-4C59-B9CF-6F3135FA5485}.Release|Any CPU.ActiveCfg = Release|Any CPU
		{209FFF74-1485-4C59-B9CF-6F3135FA5485}.Release|Any CPU.Build.0 = Release|Any CPU
		{D63DF4B3-975C-4F2E-BE6E-E2E19E2839F7}.Debug|Any CPU.ActiveCfg = Debug|Any CPU
		{D63DF4B3-975C-4F2E-BE6E-E2E19E2839F7}.Debug|Any CPU.Build.0 = Debug|Any CPU
		{D63DF4B3-975C-4F2E-BE6E-E2E19E2839F7}.Release|Any CPU.ActiveCfg = Release|Any CPU
		{D63DF4B3-975C-4F2E-BE6E-E2E19E2839F7}.Release|Any CPU.Build.0 = Release|Any CPU
		{4B863F7A-A44F-49EC-AA8B-F4B331C60CD3}.Debug|Any CPU.ActiveCfg = Debug|Any CPU
		{4B863F7A-A44F-49EC-AA8B-F4B331C60CD3}.Debug|Any CPU.Build.0 = Debug|Any CPU
		{4B863F7A-A44F-49EC-AA8B-F4B331C60CD3}.Release|Any CPU.ActiveCfg = Release|Any CPU
		{4B863F7A-A44F-49EC-AA8B-F4B331C60CD3}.Release|Any CPU.Build.0 = Release|Any CPU
		{8919EAC5-472A-458F-AEB1-0CE591C9F77F}.Debug|Any CPU.ActiveCfg = Debug|Any CPU
		{8919EAC5-472A-458F-AEB1-0CE591C9F77F}.Debug|Any CPU.Build.0 = Debug|Any CPU
		{8919EAC5-472A-458F-AEB1-0CE591C9F77F}.Release|Any CPU.ActiveCfg = Release|Any CPU
		{8919EAC5-472A-458F-AEB1-0CE591C9F77F}.Release|Any CPU.Build.0 = Release|Any CPU
		{7D071C29-E2FB-47E0-988F-AD55CAD813CE}.Debug|Any CPU.ActiveCfg = Debug|Any CPU
		{7D071C29-E2FB-47E0-988F-AD55CAD813CE}.Debug|Any CPU.Build.0 = Debug|Any CPU
		{7D071C29-E2FB-47E0-988F-AD55CAD813CE}.Release|Any CPU.ActiveCfg = Release|Any CPU
		{7D071C29-E2FB-47E0-988F-AD55CAD813CE}.Release|Any CPU.Build.0 = Release|Any CPU
		{5EE2831D-F201-4B26-96FA-DF413A64D482}.Debug|Any CPU.ActiveCfg = Debug|Any CPU
		{5EE2831D-F201-4B26-96FA-DF413A64D482}.Debug|Any CPU.Build.0 = Debug|Any CPU
		{5EE2831D-F201-4B26-96FA-DF413A64D482}.Release|Any CPU.ActiveCfg = Release|Any CPU
		{5EE2831D-F201-4B26-96FA-DF413A64D482}.Release|Any CPU.Build.0 = Release|Any CPU
	EndGlobalSection
	GlobalSection(SolutionProperties) = preSolution
		HideSolutionNode = FALSE
	EndGlobalSection
	GlobalSection(NestedProjects) = preSolution
		{083D2243-CC3E-4FF9-A54C-E695E6F0478A} = {4758AA7A-02F6-451E-A9FF-E2AB3DC50C32}
		{0FFA5706-DD53-41BA-B9AA-66EB17F4C1CC} = {0C530898-A2CE-4710-96C6-7FE6F6D7A397}
		{209FFF74-1485-4C59-B9CF-6F3135FA5485} = {4758AA7A-02F6-451E-A9FF-E2AB3DC50C32}
		{D63DF4B3-975C-4F2E-BE6E-E2E19E2839F7} = {4758AA7A-02F6-451E-A9FF-E2AB3DC50C32}
		{4B863F7A-A44F-49EC-AA8B-F4B331C60CD3} = {0C530898-A2CE-4710-96C6-7FE6F6D7A397}
		{8919EAC5-472A-458F-AEB1-0CE591C9F77F} = {0C530898-A2CE-4710-96C6-7FE6F6D7A397}
		{7D071C29-E2FB-47E0-988F-AD55CAD813CE} = {4758AA7A-02F6-451E-A9FF-E2AB3DC50C32}
		{5EE2831D-F201-4B26-96FA-DF413A64D482} = {0C530898-A2CE-4710-96C6-7FE6F6D7A397}
	EndGlobalSection
EndGlobal
